
Microsoft Visual Studio Solution File, Format Version 12.00
# Visual Studio Version 17
VisualStudioVersion = 17.9.34728.123
MinimumVisualStudioVersion = 10.0.40219.1
Project("{9A19103F-16F7-4668-BE54-9A1E7A4F7556}") = "USWalks.SPI", "USWalks.SPI\USWalks.SPI.csproj", "{FCB56406-C528-4B1C-86ED-F3D1A4791B06}"
EndProject
Project("{FAE04EC0-301F-11D3-BF4B-00C04F79EFBC}") = "USWalks.WebApp", "USWalks.WebApp\USWalks.WebApp.csproj", "{47E3A811-1AA9-4BDF-92C6-3E109DD460CA}"
EndProject
Global
	GlobalSection(SolutionConfigurationPlatforms) = preSolution
		Debug|Any CPU = Debug|Any CPU
		Release|Any CPU = Release|Any CPU
	EndGlobalSection
	GlobalSection(ProjectConfigurationPlatforms) = postSolution
		{FCB56406-C528-4B1C-86ED-F3D1A4791B06}.Debug|Any CPU.ActiveCfg = Debug|Any CPU
		{FCB56406-C528-4B1C-86ED-F3D1A4791B06}.Debug|Any CPU.Build.0 = Debug|Any CPU
		{FCB56406-C528-4B1C-86ED-F3D1A4791B06}.Release|Any CPU.ActiveCfg = Release|Any CPU
		{FCB56406-C528-4B1C-86ED-F3D1A4791B06}.Release|Any CPU.Build.0 = Release|Any CPU
		{47E3A811-1AA9-4BDF-92C6-3E109DD460CA}.Debug|Any CPU.ActiveCfg = Debug|Any CPU
		{47E3A811-1AA9-4BDF-92C6-3E109DD460CA}.Debug|Any CPU.Build.0 = Debug|Any CPU
		{47E3A811-1AA9-4BDF-92C6-3E109DD460CA}.Release|Any CPU.ActiveCfg = Release|Any CPU
		{47E3A811-1AA9-4BDF-92C6-3E109DD460CA}.Release|Any CPU.Build.0 = Release|Any CPU
	EndGlobalSection
	GlobalSection(SolutionProperties) = preSolution
		HideSolutionNode = FALSE
	EndGlobalSection
	GlobalSection(ExtensibilityGlobals) = postSolution
		SolutionGuid = {1E708AF0-6C17-41B2-AE7E-A6297A820232}
	EndGlobalSection
EndGlobal
